
Microsoft Visual Studio Solution File, Format Version 12.00
# Visual Studio Version 17
VisualStudioVersion = 17.12.35707.178 d17.12
MinimumVisualStudioVersion = 10.0.40219.1
Project("{8BC9CEB8-8B4A-11D0-8D11-00A0C91BC942}") = "Структура", "Структура\Структура.vcxproj", "{8B42A971-B87C-4C8C-9212-05D4726A03CC}"
EndProject
Project("{8BC9CEB8-8B4A-11D0-8D11-00A0C91BC942}") = "1", "1\1.vcxproj", "{51C4870C-85F2-4935-877D-1902055D07C8}"
EndProject
Project("{8BC9CEB8-8B4A-11D0-8D11-00A0C91BC942}") = "2", "2\2.vcxproj", "{D97FCE9F-7D58-4293-80E5-6FB1A2BEB3D5}"
EndProject
Project("{8BC9CEB8-8B4A-11D0-8D11-00A0C91BC942}") = "3", "3\3.vcxproj", "{FE15E0B5-D0F1-4D0E-8F75-B0FDF7414C8D}"
EndProject
Project("{8BC9CEB8-8B4A-11D0-8D11-00A0C91BC942}") = "4", "4\4.vcxproj", "{1CAD170D-C1F2-4765-A72F-BC13DF72EC55}"
EndProject
Project("{8BC9CEB8-8B4A-11D0-8D11-00A0C91BC942}") = "5", "5\5.vcxproj", "{F509A953-4404-479F-9F74-029945D0F36A}"
EndProject
Project("{8BC9CEB8-8B4A-11D0-8D11-00A0C91BC942}") = "6", "6\6.vcxproj", "{261B61DE-A97D-4E80-A7CE-1A3F568C40D0}"
EndProject
Project("{8BC9CEB8-8B4A-11D0-8D11-00A0C91BC942}") = "7", "7\7.vcxproj", "{48B474E1-2B99-4CCD-BBFA-E54BD6102DD3}"
EndProject
Project("{8BC9CEB8-8B4A-11D0-8D11-00A0C91BC942}") = "8", "8\8.vcxproj", "{3238177C-E08F-4B56-886F-157C644E0655}"
EndProject
Project("{8BC9CEB8-8B4A-11D0-8D11-00A0C91BC942}") = "9", "9\9.vcxproj", "{F65CE356-37BA-460D-8DAA-6DA79EB14558}"
EndProject
Project("{8BC9CEB8-8B4A-11D0-8D11-00A0C91BC942}") = "10", "10\10.vcxproj", "{FF1AC6F7-0955-4DEC-A8DA-3D6C7DACDF07}"
EndProject
Project("{8BC9CEB8-8B4A-11D0-8D11-00A0C91BC942}") = "11", "11\11.vcxproj", "{BB46735D-437E-4CF7-894E-B9CB54351251}"
EndProject
Project("{8BC9CEB8-8B4A-11D0-8D11-00A0C91BC942}") = "12", "12\12.vcxproj", "{FEF7019D-56AA-4512-9C9D-6773E8A74B6B}"
EndProject
Global
	GlobalSection(SolutionConfigurationPlatforms) = preSolution
		Debug|x64 = Debug|x64
		Debug|x86 = Debug|x86
		Release|x64 = Release|x64
		Release|x86 = Release|x86
	EndGlobalSection
	GlobalSection(ProjectConfigurationPlatforms) = postSolution
		{8B42A971-B87C-4C8C-9212-05D4726A03CC}.Debug|x64.ActiveCfg = Debug|x64
		{8B42A971-B87C-4C8C-9212-05D4726A03CC}.Debug|x64.Build.0 = Debug|x64
		{8B42A971-B87C-4C8C-9212-05D4726A03CC}.Debug|x86.ActiveCfg = Debug|Win32
		{8B42A971-B87C-4C8C-9212-05D4726A03CC}.Debug|x86.Build.0 = Debug|Win32
		{8B42A971-B87C-4C8C-9212-05D4726A03CC}.Release|x64.ActiveCfg = Release|x64
		{8B42A971-B87C-4C8C-9212-05D4726A03CC}.Release|x64.Build.0 = Release|x64
		{8B42A971-B87C-4C8C-9212-05D4726A03CC}.Release|x86.ActiveCfg = Release|Win32
		{8B42A971-B87C-4C8C-9212-05D4726A03CC}.Release|x86.Build.0 = Release|Win32
		{51C4870C-85F2-4935-877D-1902055D07C8}.Debug|x64.ActiveCfg = Debug|x64
		{51C4870C-85F2-4935-877D-1902055D07C8}.Debug|x64.Build.0 = Debug|x64
		{51C4870C-85F2-4935-877D-1902055D07C8}.Debug|x86.ActiveCfg = Debug|Win32
		{51C4870C-85F2-4935-877D-1902055D07C8}.Debug|x86.Build.0 = Debug|Win32
		{51C4870C-85F2-4935-877D-1902055D07C8}.Release|x64.ActiveCfg = Release|x64
		{51C4870C-85F2-4935-877D-1902055D07C8}.Release|x64.Build.0 = Release|x64
		{51C4870C-85F2-4935-877D-1902055D07C8}.Release|x86.ActiveCfg = Release|Win32
		{51C4870C-85F2-4935-877D-1902055D07C8}.Release|x86.Build.0 = Release|Win32
		{D97FCE9F-7D58-4293-80E5-6FB1A2BEB3D5}.Debug|x64.ActiveCfg = Debug|x64
		{D97FCE9F-7D58-4293-80E5-6FB1A2BEB3D5}.Debug|x64.Build.0 = Debug|x64
		{D97FCE9F-7D58-4293-80E5-6FB1A2BEB3D5}.Debug|x86.ActiveCfg = Debug|Win32
		{D97FCE9F-7D58-4293-80E5-6FB1A2BEB3D5}.Debug|x86.Build.0 = Debug|Win32
		{D97FCE9F-7D58-4293-80E5-6FB1A2BEB3D5}.Release|x64.ActiveCfg = Release|x64
		{D97FCE9F-7D58-4293-80E5-6FB1A2BEB3D5}.Release|x64.Build.0 = Release|x64
		{D97FCE9F-7D58-4293-80E5-6FB1A2BEB3D5}.Release|x86.ActiveCfg = Release|Win32
		{D97FCE9F-7D58-4293-80E5-6FB1A2BEB3D5}.Release|x86.Build.0 = Release|Win32
		{FE15E0B5-D0F1-4D0E-8F75-B0FDF7414C8D}.Debug|x64.ActiveCfg = Debug|x64
		{FE15E0B5-D0F1-4D0E-8F75-B0FDF7414C8D}.Debug|x64.Build.0 = Debug|x64
		{FE15E0B5-D0F1-4D0E-8F75-B0FDF7414C8D}.Debug|x86.ActiveCfg = Debug|Win32
		{FE15E0B5-D0F1-4D0E-8F75-B0FDF7414C8D}.Debug|x86.Build.0 = Debug|Win32
		{FE15E0B5-D0F1-4D0E-8F75-B0FDF7414C8D}.Release|x64.ActiveCfg = Release|x64
		{FE15E0B5-D0F1-4D0E-8F75-B0FDF7414C8D}.Release|x64.Build.0 = Release|x64
		{FE15E0B5-D0F1-4D0E-8F75-B0FDF7414C8D}.Release|x86.ActiveCfg = Release|Win32
		{FE15E0B5-D0F1-4D0E-8F75-B0FDF7414C8D}.Release|x86.Build.0 = Release|Win32
		{1CAD170D-C1F2-4765-A72F-BC13DF72EC55}.Debug|x64.ActiveCfg = Debug|x64
		{1CAD170D-C1F2-4765-A72F-BC13DF72EC55}.Debug|x64.Build.0 = Debug|x64
		{1CAD170D-C1F2-4765-A72F-BC13DF72EC55}.Debug|x86.ActiveCfg = Debug|Win32
		{1CAD170D-C1F2-4765-A72F-BC13DF72EC55}.Debug|x86.Build.0 = Debug|Win32
		{1CAD170D-C1F2-4765-A72F-BC13DF72EC55}.Release|x64.ActiveCfg = Release|x64
		{1CAD170D-C1F2-4765-A72F-BC13DF72EC55}.Release|x64.Build.0 = Release|x64
		{1CAD170D-C1F2-4765-A72F-BC13DF72EC55}.Release|x86.ActiveCfg = Release|Win32
		{1CAD170D-C1F2-4765-A72F-BC13DF72EC55}.Release|x86.Build.0 = Release|Win32
		{F509A953-4404-479F-9F74-029945D0F36A}.Debug|x64.ActiveCfg = Debug|x64
		{F509A953-4404-479F-9F74-029945D0F36A}.Debug|x64.Build.0 = Debug|x64
		{F509A953-4404-479F-9F74-029945D0F36A}.Debug|x86.ActiveCfg = Debug|Win32
		{F509A953-4404-479F-9F74-029945D0F36A}.Debug|x86.Build.0 = Debug|Win32
		{F509A953-4404-479F-9F74-029945D0F36A}.Release|x64.ActiveCfg = Release|x64
		{F509A953-4404-479F-9F74-029945D0F36A}.Release|x64.Build.0 = Release|x64
		{F509A953-4404-479F-9F74-029945D0F36A}.Release|x86.ActiveCfg = Release|Win32
		{F509A953-4404-479F-9F74-029945D0F36A}.Release|x86.Build.0 = Release|Win32
		{261B61DE-A97D-4E80-A7CE-1A3F568C40D0}.Debug|x64.ActiveCfg = Debug|x64
		{261B61DE-A97D-4E80-A7CE-1A3F568C40D0}.Debug|x64.Build.0 = Debug|x64
		{261B61DE-A97D-4E80-A7CE-1A3F568C40D0}.Debug|x86.ActiveCfg = Debug|Win32
		{261B61DE-A97D-4E80-A7CE-1A3F568C40D0}.Debug|x86.Build.0 = Debug|Win32
		{261B61DE-A97D-4E80-A7CE-1A3F568C40D0}.Release|x64.ActiveCfg = Release|x64
		{261B61DE-A97D-4E80-A7CE-1A3F568C40D0}.Release|x64.Build.0 = Release|x64
		{261B61DE-A97D-4E80-A7CE-1A3F568C40D0}.Release|x86.ActiveCfg = Release|Win32
		{261B61DE-A97D-4E80-A7CE-1A3F568C40D0}.Release|x86.Build.0 = Release|Win32
		{48B474E1-2B99-4CCD-BBFA-E54BD6102DD3}.Debug|x64.ActiveCfg = Debug|x64
		{48B474E1-2B99-4CCD-BBFA-E54BD6102DD3}.Debug|x64.Build.0 = Debug|x64
		{48B474E1-2B99-4CCD-BBFA-E54BD6102DD3}.Debug|x86.ActiveCfg = Debug|Win32
		{48B474E1-2B99-4CCD-BBFA-E54BD6102DD3}.Debug|x86.Build.0 = Debug|Win32
		{48B474E1-2B99-4CCD-BBFA-E54BD6102DD3}.Release|x64.ActiveCfg = Release|x64
		{48B474E1-2B99-4CCD-BBFA-E54BD6102DD3}.Release|x64.Build.0 = Release|x64
		{48B474E1-2B99-4CCD-BBFA-E54BD6102DD3}.Release|x86.ActiveCfg = Release|Win32
		{48B474E1-2B99-4CCD-BBFA-E54BD6102DD3}.Release|x86.Build.0 = Release|Win32
		{3238177C-E08F-4B56-886F-157C644E0655}.Debug|x64.ActiveCfg = Debug|x64
		{3238177C-E08F-4B56-886F-157C644E0655}.Debug|x64.Build.0 = Debug|x64
		{3238177C-E08F-4B56-886F-157C644E0655}.Debug|x86.ActiveCfg = Debug|Win32
		{3238177C-E08F-4B56-886F-157C644E0655}.Debug|x86.Build.0 = Debug|Win32
		{3238177C-E08F-4B56-886F-157C644E0655}.Release|x64.ActiveCfg = Release|x64
		{3238177C-E08F-4B56-886F-157C644E0655}.Release|x64.Build.0 = Release|x64
		{3238177C-E08F-4B56-886F-157C644E0655}.Release|x86.ActiveCfg = Release|Win32
		{3238177C-E08F-4B56-886F-157C644E0655}.Release|x86.Build.0 = Release|Win32
		{F65CE356-37BA-460D-8DAA-6DA79EB14558}.Debug|x64.ActiveCfg = Debug|x64
		{F65CE356-37BA-460D-8DAA-6DA79EB14558}.Debug|x64.Build.0 = Debug|x64
		{F65CE356-37BA-460D-8DAA-6DA79EB14558}.Debug|x86.ActiveCfg = Debug|Win32
		{F65CE356-37BA-460D-8DAA-6DA79EB14558}.Debug|x86.Build.0 = Debug|Win32
		{F65CE356-37BA-460D-8DAA-6DA79EB14558}.Release|x64.ActiveCfg = Release|x64
		{F65CE356-37BA-460D-8DAA-6DA79EB14558}.Release|x64.Build.0 = Release|x64
		{F65CE356-37BA-460D-8DAA-6DA79EB14558}.Release|x86.ActiveCfg = Release|Win32
		{F65CE356-37BA-460D-8DAA-6DA79EB14558}.Release|x86.Build.0 = Release|Win32
		{FF1AC6F7-0955-4DEC-A8DA-3D6C7DACDF07}.Debug|x64.ActiveCfg = Debug|x64
		{FF1AC6F7-0955-4DEC-A8DA-3D6C7DACDF07}.Debug|x64.Build.0 = Debug|x64
		{FF1AC6F7-0955-4DEC-A8DA-3D6C7DACDF07}.Debug|x86.ActiveCfg = Debug|Win32
		{FF1AC6F7-0955-4DEC-A8DA-3D6C7DACDF07}.Debug|x86.Build.0 = Debug|Win32
		{FF1AC6F7-0955-4DEC-A8DA-3D6C7DACDF07}.Release|x64.ActiveCfg = Release|x64
		{FF1AC6F7-0955-4DEC-A8DA-3D6C7DACDF07}.Release|x64.Build.0 = Release|x64
		{FF1AC6F7-0955-4DEC-A8DA-3D6C7DACDF07}.Release|x86.ActiveCfg = Release|Win32
		{FF1AC6F7-0955-4DEC-A8DA-3D6C7DACDF07}.Release|x86.Build.0 = Release|Win32
		{BB46735D-437E-4CF7-894E-B9CB54351251}.Debug|x64.ActiveCfg = Debug|x64
		{BB46735D-437E-4CF7-894E-B9CB54351251}.Debug|x64.Build.0 = Debug|x64
		{BB46735D-437E-4CF7-894E-B9CB54351251}.Debug|x86.ActiveCfg = Debug|Win32
		{BB46735D-437E-4CF7-894E-B9CB54351251}.Debug|x86.Build.0 = Debug|Win32
		{BB46735D-437E-4CF7-894E-B9CB54351251}.Release|x64.ActiveCfg = Release|x64
		{BB46735D-437E-4CF7-894E-B9CB54351251}.Release|x64.Build.0 = Release|x64
		{BB46735D-437E-4CF7-894E-B9CB54351251}.Release|x86.ActiveCfg = Release|Win32
		{BB46735D-437E-4CF7-894E-B9CB54351251}.Release|x86.Build.0 = Release|Win32
		{FEF7019D-56AA-4512-9C9D-6773E8A74B6B}.Debug|x64.ActiveCfg = Debug|x64
		{FEF7019D-56AA-4512-9C9D-6773E8A74B6B}.Debug|x64.Build.0 = Debug|x64
		{FEF7019D-56AA-4512-9C9D-6773E8A74B6B}.Debug|x86.ActiveCfg = Debug|Win32
		{FEF7019D-56AA-4512-9C9D-6773E8A74B6B}.Debug|x86.Build.0 = Debug|Win32
		{FEF7019D-56AA-4512-9C9D-6773E8A74B6B}.Release|x64.ActiveCfg = Release|x64
		{FEF7019D-56AA-4512-9C9D-6773E8A74B6B}.Release|x64.Build.0 = Release|x64
		{FEF7019D-56AA-4512-9C9D-6773E8A74B6B}.Release|x86.ActiveCfg = Release|Win32
		{FEF7019D-56AA-4512-9C9D-6773E8A74B6B}.Release|x86.Build.0 = Release|Win32
	EndGlobalSection
	GlobalSection(SolutionProperties) = preSolution
		HideSolutionNode = FALSE
	EndGlobalSection
EndGlobal
